
Microsoft Visual Studio Solution File, Format Version 12.00
# Visual Studio 15
VisualStudioVersion = 15.0.28307.168
MinimumVisualStudioVersion = 10.0.40219.1
Project("{FAE04EC0-301F-11D3-BF4B-00C04F79EFBC}") = "Give Pro", "Give Pro\Give Pro.csproj", "{99BCF9B8-FA24-4D46-AD34-3801B288A3A2}"
EndProject
Global
	GlobalSection(SolutionConfigurationPlatforms) = preSolution
		Debug|Any CPU = Debug|Any CPU
		Release|Any CPU = Release|Any CPU
	EndGlobalSection
	GlobalSection(ProjectConfigurationPlatforms) = postSolution
		{99BCF9B8-FA24-4D46-AD34-3801B288A3A2}.Debug|Any CPU.ActiveCfg = Debug|Any CPU
		{99BCF9B8-FA24-4D46-AD34-3801B288A3A2}.Debug|Any CPU.Build.0 = Debug|Any CPU
		{99BCF9B8-FA24-4D46-AD34-3801B288A3A2}.Release|Any CPU.ActiveCfg = Release|Any CPU
		{99BCF9B8-FA24-4D46-AD34-3801B288A3A2}.Release|Any CPU.Build.0 = Release|Any CPU
	EndGlobalSection
	GlobalSection(SolutionProperties) = preSolution
		HideSolutionNode = FALSE
	EndGlobalSection
	GlobalSection(ExtensibilityGlobals) = postSolution
		SolutionGuid = {A4BD0EEA-7079-4E37-A73E-3D5C5866ABB7}
	EndGlobalSection
EndGlobal
